// !$*UTF8*$!
{
	archiveVersion = 1;
	classes = {
	};
	objectVersion = 77;
	objects = {

/* Begin PBXBuildFile section */
		C515725C2DEEF6BA00450FFA /* MetalView.swift in Sources */ = {isa = PBXBuildFile; fileRef = C515725B2DEEF6BA00450FFA /* MetalView.swift */; };
		C515725E2DEF48EA00450FFA /* Renderer.swift in Sources */ = {isa = PBXBuildFile; fileRef = C515725D2DEF48E700450FFA /* Renderer.swift */; };
		C51572602DEF49E600450FFA /* Shaders.metal in Sources */ = {isa = PBXBuildFile; fileRef = C515725F2DEF49E000450FFA /* Shaders.metal */; };
/* End PBXBuildFile section */

/* Begin PBXContainerItemProxy section */
		C51571F62DEDBCD000450FFA /* PBXContainerItemProxy */ = {
			isa = PBXContainerItemProxy;
			containerPortal = C51571DA2DEDBCCF00450FFA /* Project object */;
			proxyType = 1;
			remoteGlobalIDString = C51571E12DEDBCCF00450FFA;
			remoteInfo = "03-Rendering-Pipeline";
		};
		C51572002DEDBCD000450FFA /* PBXContainerItemProxy */ = {
			isa = PBXContainerItemProxy;
			containerPortal = C51571DA2DEDBCCF00450FFA /* Project object */;
			proxyType = 1;
			remoteGlobalIDString = C51571E12DEDBCCF00450FFA;
			remoteInfo = "03-Rendering-Pipeline";
		};
/* End PBXContainerItemProxy section */

/* Begin PBXFileReference section */
		C51571E22DEDBCCF00450FFA /* 03-Rendering-Pipeline.app */ = {isa = PBXFileReference; explicitFileType = wrapper.application; includeInIndex = 0; path = "03-Rendering-Pipeline.app"; sourceTree = BUILT_PRODUCTS_DIR; };
		C51571F52DEDBCD000450FFA /* 03-Rendering-PipelineTests.xctest */ = {isa = PBXFileReference; explicitFileType = wrapper.cfbundle; includeInIndex = 0; path = "03-Rendering-PipelineTests.xctest"; sourceTree = BUILT_PRODUCTS_DIR; };
		C51571FF2DEDBCD000450FFA /* 03-Rendering-PipelineUITests.xctest */ = {isa = PBXFileReference; explicitFileType = wrapper.cfbundle; includeInIndex = 0; path = "03-Rendering-PipelineUITests.xctest"; sourceTree = BUILT_PRODUCTS_DIR; };
		C515725B2DEEF6BA00450FFA /* MetalView.swift */ = {isa = PBXFileReference; lastKnownFileType = sourcecode.swift; path = MetalView.swift; sourceTree = "<group>"; };
		C515725D2DEF48E700450FFA /* Renderer.swift */ = {isa = PBXFileReference; lastKnownFileType = sourcecode.swift; path = Renderer.swift; sourceTree = "<group>"; };
		C515725F2DEF49E000450FFA /* Shaders.metal */ = {isa = PBXFileReference; lastKnownFileType = sourcecode.metal; path = Shaders.metal; sourceTree = "<group>"; };
/* End PBXFileReference section */

/* Begin PBXFileSystemSynchronizedRootGroup section */
		C51571E42DEDBCCF00450FFA /* 03-Rendering-Pipeline */ = {
			isa = PBXFileSystemSynchronizedRootGroup;
			path = "03-Rendering-Pipeline";
			sourceTree = "<group>";
		};
		C51571F82DEDBCD000450FFA /* 03-Rendering-PipelineTests */ = {
			isa = PBXFileSystemSynchronizedRootGroup;
			path = "03-Rendering-PipelineTests";
			sourceTree = "<group>";
		};
		C51572022DEDBCD000450FFA /* 03-Rendering-PipelineUITests */ = {
			isa = PBXFileSystemSynchronizedRootGroup;
			path = "03-Rendering-PipelineUITests";
			sourceTree = "<group>";
		};
/* End PBXFileSystemSynchronizedRootGroup section */

/* Begin PBXFrameworksBuildPhase section */
		C51571DF2DEDBCCF00450FFA /* Frameworks */ = {
			isa = PBXFrameworksBuildPhase;
			buildActionMask = 2147483647;
			files = (
			);
			runOnlyForDeploymentPostprocessing = 0;
		};
		C51571F22DEDBCD000450FFA /* Frameworks */ = {
			isa = PBXFrameworksBuildPhase;
			buildActionMask = 2147483647;
			files = (
			);
			runOnlyForDeploymentPostprocessing = 0;
		};
		C51571FC2DEDBCD000450FFA /* Frameworks */ = {
			isa = PBXFrameworksBuildPhase;
			buildActionMask = 2147483647;
			files = (
			);
			runOnlyForDeploymentPostprocessing = 0;
		};
/* End PBXFrameworksBuildPhase section */

/* Begin PBXGroup section */
		C51571D92DEDBCCF00450FFA = {
			isa = PBXGroup;
			children = (
				C51571E42DEDBCCF00450FFA /* 03-Rendering-Pipeline */,
				C51571F82DEDBCD000450FFA /* 03-Rendering-PipelineTests */,
				C51572022DEDBCD000450FFA /* 03-Rendering-PipelineUITests */,
				C51571E32DEDBCCF00450FFA /* Products */,
				C515725B2DEEF6BA00450FFA /* MetalView.swift */,
				C515725D2DEF48E700450FFA /* Renderer.swift */,
				C515725F2DEF49E000450FFA /* Shaders.metal */,
			);
			sourceTree = "<group>";
		};
		C51571E32DEDBCCF00450FFA /* Products */ = {
			isa = PBXGroup;
			children = (
				C51571E22DEDBCCF00450FFA /* 03-Rendering-Pipeline.app */,
				C51571F52DEDBCD000450FFA /* 03-Rendering-PipelineTests.xctest */,
				C51571FF2DEDBCD000450FFA /* 03-Rendering-PipelineUITests.xctest */,
			);
			name = Products;
			sourceTree = "<group>";
		};
/* End PBXGroup section */

/* Begin PBXNativeTarget section */
		C51571E12DEDBCCF00450FFA /* 03-Rendering-Pipeline */ = {
			isa = PBXNativeTarget;
			buildConfigurationList = C51572092DEDBCD000450FFA /* Build configuration list for PBXNativeTarget "03-Rendering-Pipeline" */;
			buildPhases = (
				C51571DE2DEDBCCF00450FFA /* Sources */,
				C51571DF2DEDBCCF00450FFA /* Frameworks */,
				C51571E02DEDBCCF00450FFA /* Resources */,
			);
			buildRules = (
			);
			dependencies = (
			);
			fileSystemSynchronizedGroups = (
				C51571E42DEDBCCF00450FFA /* 03-Rendering-Pipeline */,
			);
			name = "03-Rendering-Pipeline";
			packageProductDependencies = (
			);
			productName = "03-Rendering-Pipeline";
			productReference = C51571E22DEDBCCF00450FFA /* 03-Rendering-Pipeline.app */;
			productType = "com.apple.product-type.application";
		};
		C51571F42DEDBCD000450FFA /* 03-Rendering-PipelineTests */ = {
			isa = PBXNativeTarget;
			buildConfigurationList = C515720C2DEDBCD000450FFA /* Build configuration list for PBXNativeTarget "03-Rendering-PipelineTests" */;
			buildPhases = (
				C51571F12DEDBCD000450FFA /* Sources */,
				C51571F22DEDBCD000450FFA /* Frameworks */,
				C51571F32DEDBCD000450FFA /* Resources */,
			);
			buildRules = (
			);
			dependencies = (
				C51571F72DEDBCD000450FFA /* PBXTargetDependency */,
			);
			fileSystemSynchronizedGroups = (
				C51571F82DEDBCD000450FFA /* 03-Rendering-PipelineTests */,
			);
			name = "03-Rendering-PipelineTests";
			packageProductDependencies = (
			);
			productName = "03-Rendering-PipelineTests";
			productReference = C51571F52DEDBCD000450FFA /* 03-Rendering-PipelineTests.xctest */;
			productType = "com.apple.product-type.bundle.unit-test";
		};
		C51571FE2DEDBCD000450FFA /* 03-Rendering-PipelineUITests */ = {
			isa = PBXNativeTarget;
			buildConfigurationList = C515720F2DEDBCD000450FFA /* Build configuration list for PBXNativeTarget "03-Rendering-PipelineUITests" */;
			buildPhases = (
				C51571FB2DEDBCD000450FFA /* Sources */,
				C51571FC2DEDBCD000450FFA /* Frameworks */,
				C51571FD2DEDBCD000450FFA /* Resources */,
			);
			buildRules = (
			);
			dependencies = (
				C51572012DEDBCD000450FFA /* PBXTargetDependency */,
			);
			fileSystemSynchronizedGroups = (
				C51572022DEDBCD000450FFA /* 03-Rendering-PipelineUITests */,
			);
			name = "03-Rendering-PipelineUITests";
			packageProductDependencies = (
			);
			productName = "03-Rendering-PipelineUITests";
			productReference = C51571FF2DEDBCD000450FFA /* 03-Rendering-PipelineUITests.xctest */;
			productType = "com.apple.product-type.bundle.ui-testing";
		};
/* End PBXNativeTarget section */

/* Begin PBXProject section */
		C51571DA2DEDBCCF00450FFA /* Project object */ = {
			isa = PBXProject;
			attributes = {
				BuildIndependentTargetsInParallel = 1;
				LastSwiftUpdateCheck = 1620;
				LastUpgradeCheck = 1620;
				TargetAttributes = {
					C51571E12DEDBCCF00450FFA = {
						CreatedOnToolsVersion = 16.2;
					};
					C51571F42DEDBCD000450FFA = {
						CreatedOnToolsVersion = 16.2;
						TestTargetID = C51571E12DEDBCCF00450FFA;
					};
					C51571FE2DEDBCD000450FFA = {
						CreatedOnToolsVersion = 16.2;
						TestTargetID = C51571E12DEDBCCF00450FFA;
					};
				};
			};
			buildConfigurationList = C51571DD2DEDBCCF00450FFA /* Build configuration list for PBXProject "03-Rendering-Pipeline" */;
			developmentRegion = en;
			hasScannedForEncodings = 0;
			knownRegions = (
				en,
				Base,
			);
			mainGroup = C51571D92DEDBCCF00450FFA;
			minimizedProjectReferenceProxies = 1;
			preferredProjectObjectVersion = 77;
			productRefGroup = C51571E32DEDBCCF00450FFA /* Products */;
			projectDirPath = "";
			projectRoot = "";
			targets = (
				C51571E12DEDBCCF00450FFA /* 03-Rendering-Pipeline */,
				C51571F42DEDBCD000450FFA /* 03-Rendering-PipelineTests */,
				C51571FE2DEDBCD000450FFA /* 03-Rendering-PipelineUITests */,
			);
		};
/* End PBXProject section */

/* Begin PBXResourcesBuildPhase section */
		C51571E02DEDBCCF00450FFA /* Resources */ = {
			isa = PBXResourcesBuildPhase;
			buildActionMask = 2147483647;
			files = (
			);
			runOnlyForDeploymentPostprocessing = 0;
		};
		C51571F32DEDBCD000450FFA /* Resources */ = {
			isa = PBXResourcesBuildPhase;
			buildActionMask = 2147483647;
			files = (
			);
			runOnlyForDeploymentPostprocessing = 0;
		};
		C51571FD2DEDBCD000450FFA /* Resources */ = {
			isa = PBXResourcesBuildPhase;
			buildActionMask = 2147483647;
			files = (
			);
			runOnlyForDeploymentPostprocessing = 0;
		};
/* End PBXResourcesBuildPhase section */

/* Begin PBXSourcesBuildPhase section */
		C51571DE2DEDBCCF00450FFA /* Sources */ = {
			isa = PBXSourcesBuildPhase;
			buildActionMask = 2147483647;
			files = (
				C515725E2DEF48EA00450FFA /* Renderer.swift in Sources */,
				C515725C2DEEF6BA00450FFA /* MetalView.swift in Sources */,
				C51572602DEF49E600450FFA /* Shaders.metal in Sources */,
			);
			runOnlyForDeploymentPostprocessing = 0;
		};
		C51571F12DEDBCD000450FFA /* Sources */ = {
			isa = PBXSourcesBuildPhase;
			buildActionMask = 2147483647;
			files = (
			);
			runOnlyForDeploymentPostprocessing = 0;
		};
		C51571FB2DEDBCD000450FFA /* Sources */ = {
			isa = PBXSourcesBuildPhase;
			buildActionMask = 2147483647;
			files = (
			);
			runOnlyForDeploymentPostprocessing = 0;
		};
/* End PBXSourcesBuildPhase section */

/* Begin PBXTargetDependency section */
		C51571F72DEDBCD000450FFA /* PBXTargetDependency */ = {
			isa = PBXTargetDependency;
			target = C51571E12DEDBCCF00450FFA /* 03-Rendering-Pipeline */;
			targetProxy = C51571F62DEDBCD000450FFA /* PBXContainerItemProxy */;
		};
		C51572012DEDBCD000450FFA /* PBXTargetDependency */ = {
			isa = PBXTargetDependency;
			target = C51571E12DEDBCCF00450FFA /* 03-Rendering-Pipeline */;
			targetProxy = C51572002DEDBCD000450FFA /* PBXContainerItemProxy */;
		};
/* End PBXTargetDependency section */

/* Begin XCBuildConfiguration section */
		C51572072DEDBCD000450FFA /* Debug */ = {
			isa = XCBuildConfiguration;
			buildSettings = {
				ALWAYS_SEARCH_USER_PATHS = NO;
				ASSETCATALOG_COMPILER_GENERATE_SWIFT_ASSET_SYMBOL_EXTENSIONS = YES;
				CLANG_ANALYZER_NONNULL = YES;
				CLANG_ANALYZER_NUMBER_OBJECT_CONVERSION = YES_AGGRESSIVE;
				CLANG_CXX_LANGUAGE_STANDARD = "gnu++20";
				CLANG_ENABLE_MODULES = YES;
				CLANG_ENABLE_OBJC_ARC = YES;
				CLANG_ENABLE_OBJC_WEAK = YES;
				CLANG_WARN_BLOCK_CAPTURE_AUTORELEASING = YES;
				CLANG_WARN_BOOL_CONVERSION = YES;
				CLANG_WARN_COMMA = YES;
				CLANG_WARN_CONSTANT_CONVERSION = YES;
				CLANG_WARN_DEPRECATED_OBJC_IMPLEMENTATIONS = YES;
				CLANG_WARN_DIRECT_OBJC_ISA_USAGE = YES_ERROR;
				CLANG_WARN_DOCUMENTATION_COMMENTS = YES;
				CLANG_WARN_EMPTY_BODY = YES;
				CLANG_WARN_ENUM_CONVERSION = YES;
				CLANG_WARN_INFINITE_RECURSION = YES;
				CLANG_WARN_INT_CONVERSION = YES;
				CLANG_WARN_NON_LITERAL_NULL_CONVERSION = YES;
				CLANG_WARN_OBJC_IMPLICIT_RETAIN_SELF = YES;
				CLANG_WARN_OBJC_LITERAL_CONVERSION = YES;
				CLANG_WARN_OBJC_ROOT_CLASS = YES_ERROR;
				CLANG_WARN_QUOTED_INCLUDE_IN_FRAMEWORK_HEADER = YES;
				CLANG_WARN_RANGE_LOOP_ANALYSIS = YES;
				CLANG_WARN_STRICT_PROTOTYPES = YES;
				CLANG_WARN_SUSPICIOUS_MOVE = YES;
				CLANG_WARN_UNGUARDED_AVAILABILITY = YES_AGGRESSIVE;
				CLANG_WARN_UNREACHABLE_CODE = YES;
				CLANG_WARN__DUPLICATE_METHOD_MATCH = YES;
				COPY_PHASE_STRIP = NO;
				DEBUG_INFORMATION_FORMAT = dwarf;
				ENABLE_STRICT_OBJC_MSGSEND = YES;
				ENABLE_TESTABILITY = YES;
				ENABLE_USER_SCRIPT_SANDBOXING = YES;
				GCC_C_LANGUAGE_STANDARD = gnu17;
				GCC_DYNAMIC_NO_PIC = NO;
				GCC_NO_COMMON_BLOCKS = YES;
				GCC_OPTIMIZATION_LEVEL = 0;
				GCC_PREPROCESSOR_DEFINITIONS = (
					"DEBUG=1",
					"$(inherited)",
				);
				GCC_WARN_64_TO_32_BIT_CONVERSION = YES;
				GCC_WARN_ABOUT_RETURN_TYPE = YES_ERROR;
				GCC_WARN_UNDECLARED_SELECTOR = YES;
				GCC_WARN_UNINITIALIZED_AUTOS = YES_AGGRESSIVE;
				GCC_WARN_UNUSED_FUNCTION = YES;
				GCC_WARN_UNUSED_VARIABLE = YES;
				LOCALIZATION_PREFERS_STRING_CATALOGS = YES;
				MTL_ENABLE_DEBUG_INFO = INCLUDE_SOURCE;
				MTL_FAST_MATH = YES;
				ONLY_ACTIVE_ARCH = YES;
				SWIFT_ACTIVE_COMPILATION_CONDITIONS = "DEBUG $(inherited)";
				SWIFT_OPTIMIZATION_LEVEL = "-Onone";
			};
			name = Debug;
		};
		C51572082DEDBCD000450FFA /* Release */ = {
			isa = XCBuildConfiguration;
			buildSettings = {
				ALWAYS_SEARCH_USER_PATHS = NO;
				ASSETCATALOG_COMPILER_GENERATE_SWIFT_ASSET_SYMBOL_EXTENSIONS = YES;
				CLANG_ANALYZER_NONNULL = YES;
				CLANG_ANALYZER_NUMBER_OBJECT_CONVERSION = YES_AGGRESSIVE;
				CLANG_CXX_LANGUAGE_STANDARD = "gnu++20";
				CLANG_ENABLE_MODULES = YES;
				CLANG_ENABLE_OBJC_ARC = YES;
				CLANG_ENABLE_OBJC_WEAK = YES;
				CLANG_WARN_BLOCK_CAPTURE_AUTORELEASING = YES;
				CLANG_WARN_BOOL_CONVERSION = YES;
				CLANG_WARN_COMMA = YES;
				CLANG_WARN_CONSTANT_CONVERSION = YES;
				CLANG_WARN_DEPRECATED_OBJC_IMPLEMENTATIONS = YES;
				CLANG_WARN_DIRECT_OBJC_ISA_USAGE = YES_ERROR;
				CLANG_WARN_DOCUMENTATION_COMMENTS = YES;
				CLANG_WARN_EMPTY_BODY = YES;
				CLANG_WARN_ENUM_CONVERSION = YES;
				CLANG_WARN_INFINITE_RECURSION = YES;
				CLANG_WARN_INT_CONVERSION = YES;
				CLANG_WARN_NON_LITERAL_NULL_CONVERSION = YES;
				CLANG_WARN_OBJC_IMPLICIT_RETAIN_SELF = YES;
				CLANG_WARN_OBJC_LITERAL_CONVERSION = YES;
				CLANG_WARN_OBJC_ROOT_CLASS = YES_ERROR;
				CLANG_WARN_QUOTED_INCLUDE_IN_FRAMEWORK_HEADER = YES;
				CLANG_WARN_RANGE_LOOP_ANALYSIS = YES;
				CLANG_WARN_STRICT_PROTOTYPES = YES;
				CLANG_WARN_SUSPICIOUS_MOVE = YES;
				CLANG_WARN_UNGUARDED_AVAILABILITY = YES_AGGRESSIVE;
				CLANG_WARN_UNREACHABLE_CODE = YES;
				CLANG_WARN__DUPLICATE_METHOD_MATCH = YES;
				COPY_PHASE_STRIP = NO;
				DEBUG_INFORMATION_FORMAT = "dwarf-with-dsym";
				ENABLE_NS_ASSERTIONS = NO;
				ENABLE_STRICT_OBJC_MSGSEND = YES;
				ENABLE_USER_SCRIPT_SANDBOXING = YES;
				GCC_C_LANGUAGE_STANDARD = gnu17;
				GCC_NO_COMMON_BLOCKS = YES;
				GCC_WARN_64_TO_32_BIT_CONVERSION = YES;
				GCC_WARN_ABOUT_RETURN_TYPE = YES_ERROR;
				GCC_WARN_UNDECLARED_SELECTOR = YES;
				GCC_WARN_UNINITIALIZED_AUTOS = YES_AGGRESSIVE;
				GCC_WARN_UNUSED_FUNCTION = YES;
				GCC_WARN_UNUSED_VARIABLE = YES;
				LOCALIZATION_PREFERS_STRING_CATALOGS = YES;
				MTL_ENABLE_DEBUG_INFO = NO;
				MTL_FAST_MATH = YES;
				SWIFT_COMPILATION_MODE = wholemodule;
			};
			name = Release;
		};
		C515720A2DEDBCD000450FFA /* Debug */ = {
			isa = XCBuildConfiguration;
			buildSettings = {
				ASSETCATALOG_COMPILER_APPICON_NAME = AppIcon;
				ASSETCATALOG_COMPILER_GLOBAL_ACCENT_COLOR_NAME = AccentColor;
				CODE_SIGN_ENTITLEMENTS = "03-Rendering-Pipeline/_3_Rendering_Pipeline.entitlements";
				CODE_SIGN_STYLE = Automatic;
				CURRENT_PROJECT_VERSION = 1;
				DEVELOPMENT_ASSET_PATHS = "\"03-Rendering-Pipeline/Preview Content\"";
				ENABLE_PREVIEWS = YES;
				GENERATE_INFOPLIST_FILE = YES;
				"INFOPLIST_KEY_UIApplicationSceneManifest_Generation[sdk=iphoneos*]" = YES;
				"INFOPLIST_KEY_UIApplicationSceneManifest_Generation[sdk=iphonesimulator*]" = YES;
				"INFOPLIST_KEY_UIApplicationSupportsIndirectInputEvents[sdk=iphoneos*]" = YES;
				"INFOPLIST_KEY_UIApplicationSupportsIndirectInputEvents[sdk=iphonesimulator*]" = YES;
				"INFOPLIST_KEY_UILaunchScreen_Generation[sdk=iphoneos*]" = YES;
				"INFOPLIST_KEY_UILaunchScreen_Generation[sdk=iphonesimulator*]" = YES;
				"INFOPLIST_KEY_UIStatusBarStyle[sdk=iphoneos*]" = UIStatusBarStyleDefault;
				"INFOPLIST_KEY_UIStatusBarStyle[sdk=iphonesimulator*]" = UIStatusBarStyleDefault;
				INFOPLIST_KEY_UISupportedInterfaceOrientations_iPad = "UIInterfaceOrientationPortrait UIInterfaceOrientationPortraitUpsideDown UIInterfaceOrientationLandscapeLeft UIInterfaceOrientationLandscapeRight";
				INFOPLIST_KEY_UISupportedInterfaceOrientations_iPhone = "UIInterfaceOrientationPortrait UIInterfaceOrientationLandscapeLeft UIInterfaceOrientationLandscapeRight";
				IPHONEOS_DEPLOYMENT_TARGET = 18.2;
				LD_RUNPATH_SEARCH_PATHS = "@executable_path/Frameworks";
				"LD_RUNPATH_SEARCH_PATHS[sdk=macosx*]" = "@executable_path/../Frameworks";
				MACOSX_DEPLOYMENT_TARGET = 14.0;
				MARKETING_VERSION = 1.0;
				PRODUCT_BUNDLE_IDENTIFIER = "com.bloominggrace.-3-Rendering-Pipeline";
				PRODUCT_NAME = "$(TARGET_NAME)";
				SDKROOT = auto;
				SUPPORTED_PLATFORMS = "iphoneos iphonesimulator macosx xros xrsimulator";
				SWIFT_EMIT_LOC_STRINGS = YES;
				SWIFT_VERSION = 5.0;
				TARGETED_DEVICE_FAMILY = "1,2,7";
				XROS_DEPLOYMENT_TARGET = 2.2;
			};
			name = Debug;
		};
		C515720B2DEDBCD000450FFA /* Release */ = {
			isa = XCBuildConfiguration;
			buildSettings = {
				ASSETCATALOG_COMPILER_APPICON_NAME = AppIcon;
				ASSETCATALOG_COMPILER_GLOBAL_ACCENT_COLOR_NAME = AccentColor;
				CODE_SIGN_ENTITLEMENTS = "03-Rendering-Pipeline/_3_Rendering_Pipeline.entitlements";
				CODE_SIGN_STYLE = Automatic;
				CURRENT_PROJECT_VERSION = 1;
				DEVELOPMENT_ASSET_PATHS = "\"03-Rendering-Pipeline/Preview Content\"";
				ENABLE_PREVIEWS = YES;
				GENERATE_INFOPLIST_FILE = YES;
				"INFOPLIST_KEY_UIApplicationSceneManifest_Generation[sdk=iphoneos*]" = YES;
				"INFOPLIST_KEY_UIApplicationSceneManifest_Generation[sdk=iphonesimulator*]" = YES;
				"INFOPLIST_KEY_UIApplicationSupportsIndirectInputEvents[sdk=iphoneos*]" = YES;
				"INFOPLIST_KEY_UIApplicationSupportsIndirectInputEvents[sdk=iphonesimulator*]" = YES;
				"INFOPLIST_KEY_UILaunchScreen_Generation[sdk=iphoneos*]" = YES;
				"INFOPLIST_KEY_UILaunchScreen_Generation[sdk=iphonesimulator*]" = YES;
				"INFOPLIST_KEY_UIStatusBarStyle[sdk=iphoneos*]" = UIStatusBarStyleDefault;
				"INFOPLIST_KEY_UIStatusBarStyle[sdk=iphonesimulator*]" = UIStatusBarStyleDefault;
				INFOPLIST_KEY_UISupportedInterfaceOrientations_iPad = "UIInterfaceOrientationPortrait UIInterfaceOrientationPortraitUpsideDown UIInterfaceOrientationLandscapeLeft UIInterfaceOrientationLandscapeRight";
				INFOPLIST_KEY_UISupportedInterfaceOrientations_iPhone = "UIInterfaceOrientationPortrait UIInterfaceOrientationLandscapeLeft UIInterfaceOrientationLandscapeRight";
				IPHONEOS_DEPLOYMENT_TARGET = 18.2;
				LD_RUNPATH_SEARCH_PATHS = "@executable_path/Frameworks";
				"LD_RUNPATH_SEARCH_PATHS[sdk=macosx*]" = "@executable_path/../Frameworks";
				MACOSX_DEPLOYMENT_TARGET = 14.0;
				MARKETING_VERSION = 1.0;
				PRODUCT_BUNDLE_IDENTIFIER = "com.bloominggrace.-3-Rendering-Pipeline";
				PRODUCT_NAME = "$(TARGET_NAME)";
				SDKROOT = auto;
				SUPPORTED_PLATFORMS = "iphoneos iphonesimulator macosx xros xrsimulator";
				SWIFT_EMIT_LOC_STRINGS = YES;
				SWIFT_VERSION = 5.0;
				TARGETED_DEVICE_FAMILY = "1,2,7";
				XROS_DEPLOYMENT_TARGET = 2.2;
			};
			name = Release;
		};
		C515720D2DEDBCD000450FFA /* Debug */ = {
			isa = XCBuildConfiguration;
			buildSettings = {
				BUNDLE_LOADER = "$(TEST_HOST)";
				CODE_SIGN_STYLE = Automatic;
				CURRENT_PROJECT_VERSION = 1;
				GENERATE_INFOPLIST_FILE = YES;
				IPHONEOS_DEPLOYMENT_TARGET = 18.2;
				MACOSX_DEPLOYMENT_TARGET = 15.2;
				MARKETING_VERSION = 1.0;
				PRODUCT_BUNDLE_IDENTIFIER = "com.bloominggrace.-3-Rendering-PipelineTests";
				PRODUCT_NAME = "$(TARGET_NAME)";
				SDKROOT = auto;
				SUPPORTED_PLATFORMS = "iphoneos iphonesimulator macosx xros xrsimulator";
				SWIFT_EMIT_LOC_STRINGS = NO;
				SWIFT_VERSION = 5.0;
				TARGETED_DEVICE_FAMILY = "1,2,7";
				TEST_HOST = "$(BUILT_PRODUCTS_DIR)/03-Rendering-Pipeline.app/$(BUNDLE_EXECUTABLE_FOLDER_PATH)/03-Rendering-Pipeline";
				XROS_DEPLOYMENT_TARGET = 2.2;
			};
			name = Debug;
		};
		C515720E2DEDBCD000450FFA /* Release */ = {
			isa = XCBuildConfiguration;
			buildSettings = {
				BUNDLE_LOADER = "$(TEST_HOST)";
				CODE_SIGN_STYLE = Automatic;
				CURRENT_PROJECT_VERSION = 1;
				GENERATE_INFOPLIST_FILE = YES;
				IPHONEOS_DEPLOYMENT_TARGET = 18.2;
				MACOSX_DEPLOYMENT_TARGET = 15.2;
				MARKETING_VERSION = 1.0;
				PRODUCT_BUNDLE_IDENTIFIER = "com.bloominggrace.-3-Rendering-PipelineTests";
				PRODUCT_NAME = "$(TARGET_NAME)";
				SDKROOT = auto;
				SUPPORTED_PLATFORMS = "iphoneos iphonesimulator macosx xros xrsimulator";
				SWIFT_EMIT_LOC_STRINGS = NO;
				SWIFT_VERSION = 5.0;
				TARGETED_DEVICE_FAMILY = "1,2,7";
				TEST_HOST = "$(BUILT_PRODUCTS_DIR)/03-Rendering-Pipeline.app/$(BUNDLE_EXECUTABLE_FOLDER_PATH)/03-Rendering-Pipeline";
				XROS_DEPLOYMENT_TARGET = 2.2;
			};
			name = Release;
		};
		C51572102DEDBCD000450FFA /* Debug */ = {
			isa = XCBuildConfiguration;
			buildSettings = {
				CODE_SIGN_STYLE = Automatic;
				CURRENT_PROJECT_VERSION = 1;
				GENERATE_INFOPLIST_FILE = YES;
				IPHONEOS_DEPLOYMENT_TARGET = 18.2;
				MACOSX_DEPLOYMENT_TARGET = 15.2;
				MARKETING_VERSION = 1.0;
				PRODUCT_BUNDLE_IDENTIFIER = "com.bloominggrace.-3-Rendering-PipelineUITests";
				PRODUCT_NAME = "$(TARGET_NAME)";
				SDKROOT = auto;
				SUPPORTED_PLATFORMS = "iphoneos iphonesimulator macosx xros xrsimulator";
				SWIFT_EMIT_LOC_STRINGS = NO;
				SWIFT_VERSION = 5.0;
				TARGETED_DEVICE_FAMILY = "1,2,7";
				TEST_TARGET_NAME = "03-Rendering-Pipeline";
				XROS_DEPLOYMENT_TARGET = 2.2;
			};
			name = Debug;
		};
		C51572112DEDBCD000450FFA /* Release */ = {
			isa = XCBuildConfiguration;
			buildSettings = {
				CODE_SIGN_STYLE = Automatic;
				CURRENT_PROJECT_VERSION = 1;
				GENERATE_INFOPLIST_FILE = YES;
				IPHONEOS_DEPLOYMENT_TARGET = 18.2;
				MACOSX_DEPLOYMENT_TARGET = 15.2;
				MARKETING_VERSION = 1.0;
				PRODUCT_BUNDLE_IDENTIFIER = "com.bloominggrace.-3-Rendering-PipelineUITests";
				PRODUCT_NAME = "$(TARGET_NAME)";
				SDKROOT = auto;
				SUPPORTED_PLATFORMS = "iphoneos iphonesimulator macosx xros xrsimulator";
				SWIFT_EMIT_LOC_STRINGS = NO;
				SWIFT_VERSION = 5.0;
				TARGETED_DEVICE_FAMILY = "1,2,7";
				TEST_TARGET_NAME = "03-Rendering-Pipeline";
				XROS_DEPLOYMENT_TARGET = 2.2;
			};
			name = Release;
		};
/* End XCBuildConfiguration section */

/* Begin XCConfigurationList section */
		C51571DD2DEDBCCF00450FFA /* Build configuration list for PBXProject "03-Rendering-Pipeline" */ = {
			isa = XCConfigurationList;
			buildConfigurations = (
				C51572072DEDBCD000450FFA /* Debug */,
				C51572082DEDBCD000450FFA /* Release */,
			);
			defaultConfigurationIsVisible = 0;
			defaultConfigurationName = Release;
		};
		C51572092DEDBCD000450FFA /* Build configuration list for PBXNativeTarget "03-Rendering-Pipeline" */ = {
			isa = XCConfigurationList;
			buildConfigurations = (
				C515720A2DEDBCD000450FFA /* Debug */,
				C515720B2DEDBCD000450FFA /* Release */,
			);
			defaultConfigurationIsVisible = 0;
			defaultConfigurationName = Release;
		};
		C515720C2DEDBCD000450FFA /* Build configuration list for PBXNativeTarget "03-Rendering-PipelineTests" */ = {
			isa = XCConfigurationList;
			buildConfigurations = (
				C515720D2DEDBCD000450FFA /* Debug */,
				C515720E2DEDBCD000450FFA /* Release */,
			);
			defaultConfigurationIsVisible = 0;
			defaultConfigurationName = Release;
		};
		C515720F2DEDBCD000450FFA /* Build configuration list for PBXNativeTarget "03-Rendering-PipelineUITests" */ = {
			isa = XCConfigurationList;
			buildConfigurations = (
				C51572102DEDBCD000450FFA /* Debug */,
				C51572112DEDBCD000450FFA /* Release */,
			);
			defaultConfigurationIsVisible = 0;
			defaultConfigurationName = Release;
		};
/* End XCConfigurationList section */
	};
	rootObject = C51571DA2DEDBCCF00450FFA /* Project object */;
}
